// !$*UTF8*$!
{
	archiveVersion = 1;
	classes = {
	};
	objectVersion = 46;
	objects = {

/* Begin PBXBuildFile section */
		18514C031C520C98009A97E4 /* AppDelegate.swift in Sources */ = {isa = PBXBuildFile; fileRef = 18514C021C520C98009A97E4 /* AppDelegate.swift */; };
		18514C051C520C98009A97E4 /* AFLoginVc.swift in Sources */ = {isa = PBXBuildFile; fileRef = 18514C041C520C98009A97E4 /* AFLoginVc.swift */; };
		18514C0A1C520C98009A97E4 /* Assets.xcassets in Resources */ = {isa = PBXBuildFile; fileRef = 18514C091C520C98009A97E4 /* Assets.xcassets */; };
		18514C151C520FD4009A97E4 /* LaunchScreen.storyboard in Resources */ = {isa = PBXBuildFile; fileRef = 18514C141C520FD4009A97E4 /* LaunchScreen.storyboard */; };
		18514C1D1C521C3F009A97E4 /* AFHomeVc1.swift in Sources */ = {isa = PBXBuildFile; fileRef = 18514C1C1C521C3F009A97E4 /* AFHomeVc1.swift */; };
		18514C1F1C521C64009A97E4 /* AFTabBarController.swift in Sources */ = {isa = PBXBuildFile; fileRef = 18514C1E1C521C64009A97E4 /* AFTabBarController.swift */; };
		18514C221C522363009A97E4 /* AFHomeVc2.swift in Sources */ = {isa = PBXBuildFile; fileRef = 18514C211C522363009A97E4 /* AFHomeVc2.swift */; };
		18514C241C52236E009A97E4 /* AFHomeVc3.swift in Sources */ = {isa = PBXBuildFile; fileRef = 18514C231C52236E009A97E4 /* AFHomeVc3.swift */; };
		18514C261C52237A009A97E4 /* AFHomeVc4.swift in Sources */ = {isa = PBXBuildFile; fileRef = 18514C251C52237A009A97E4 /* AFHomeVc4.swift */; };
		18514C291C5225B9009A97E4 /* AFTabBar.swift in Sources */ = {isa = PBXBuildFile; fileRef = 18514C281C5225B9009A97E4 /* AFTabBar.swift */; };
/* End PBXBuildFile section */

/* Begin PBXFileReference section */
		18514BFF1C520C98009A97E4 /* DataCenter.app */ = {isa = PBXFileReference; explicitFileType = wrapper.application; includeInIndex = 0; path = DataCenter.app; sourceTree = BUILT_PRODUCTS_DIR; };
		18514C021C520C98009A97E4 /* AppDelegate.swift */ = {isa = PBXFileReference; lastKnownFileType = sourcecode.swift; path = AppDelegate.swift; sourceTree = "<group>"; };
		18514C041C520C98009A97E4 /* AFLoginVc.swift */ = {isa = PBXFileReference; lastKnownFileType = sourcecode.swift; path = AFLoginVc.swift; sourceTree = "<group>"; };
		18514C091C520C98009A97E4 /* Assets.xcassets */ = {isa = PBXFileReference; lastKnownFileType = folder.assetcatalog; path = Assets.xcassets; sourceTree = "<group>"; };
		18514C0E1C520C98009A97E4 /* Info.plist */ = {isa = PBXFileReference; lastKnownFileType = text.plist.xml; path = Info.plist; sourceTree = "<group>"; };
		18514C141C520FD4009A97E4 /* LaunchScreen.storyboard */ = {isa = PBXFileReference; fileEncoding = 4; lastKnownFileType = file.storyboard; path = LaunchScreen.storyboard; sourceTree = "<group>"; };
		18514C1C1C521C3F009A97E4 /* AFHomeVc1.swift */ = {isa = PBXFileReference; fileEncoding = 4; lastKnownFileType = sourcecode.swift; path = AFHomeVc1.swift; sourceTree = "<group>"; };
		18514C1E1C521C64009A97E4 /* AFTabBarController.swift */ = {isa = PBXFileReference; fileEncoding = 4; lastKnownFileType = sourcecode.swift; path = AFTabBarController.swift; sourceTree = "<group>"; };
		18514C211C522363009A97E4 /* AFHomeVc2.swift */ = {isa = PBXFileReference; fileEncoding = 4; lastKnownFileType = sourcecode.swift; path = AFHomeVc2.swift; sourceTree = "<group>"; };
		18514C231C52236E009A97E4 /* AFHomeVc3.swift */ = {isa = PBXFileReference; fileEncoding = 4; lastKnownFileType = sourcecode.swift; path = AFHomeVc3.swift; sourceTree = "<group>"; };
		18514C251C52237A009A97E4 /* AFHomeVc4.swift */ = {isa = PBXFileReference; fileEncoding = 4; lastKnownFileType = sourcecode.swift; path = AFHomeVc4.swift; sourceTree = "<group>"; };
		18514C281C5225B9009A97E4 /* AFTabBar.swift */ = {isa = PBXFileReference; fileEncoding = 4; lastKnownFileType = sourcecode.swift; path = AFTabBar.swift; sourceTree = "<group>"; };
/* End PBXFileReference section */

/* Begin PBXFrameworksBuildPhase section */
		18514BFC1C520C98009A97E4 /* Frameworks */ = {
			isa = PBXFrameworksBuildPhase;
			buildActionMask = 2147483647;
			files = (
			);
			runOnlyForDeploymentPostprocessing = 0;
		};
/* End PBXFrameworksBuildPhase section */

/* Begin PBXGroup section */
		18514BF61C520C98009A97E4 = {
			isa = PBXGroup;
			children = (
				18514C011C520C98009A97E4 /* DataCenter */,
				18514C001C520C98009A97E4 /* Products */,
			);
			sourceTree = "<group>";
		};
		18514C001C520C98009A97E4 /* Products */ = {
			isa = PBXGroup;
			children = (
				18514BFF1C520C98009A97E4 /* DataCenter.app */,
			);
			name = Products;
			sourceTree = "<group>";
		};
		18514C011C520C98009A97E4 /* DataCenter */ = {
			isa = PBXGroup;
			children = (
				18514C021C520C98009A97E4 /* AppDelegate.swift */,
				18514C201C522324009A97E4 /* Controllers */,
				18514C271C522578009A97E4 /* Views */,
				18514C091C520C98009A97E4 /* Assets.xcassets */,
				18514C141C520FD4009A97E4 /* LaunchScreen.storyboard */,
				18514C0E1C520C98009A97E4 /* Info.plist */,
			);
			path = DataCenter;
			sourceTree = "<group>";
		};
		18514C201C522324009A97E4 /* Controllers */ = {
			isa = PBXGroup;
			children = (
				18514C041C520C98009A97E4 /* AFLoginVc.swift */,
				18514C1E1C521C64009A97E4 /* AFTabBarController.swift */,
				18514C1C1C521C3F009A97E4 /* AFHomeVc1.swift */,
				18514C211C522363009A97E4 /* AFHomeVc2.swift */,
				18514C231C52236E009A97E4 /* AFHomeVc3.swift */,
				18514C251C52237A009A97E4 /* AFHomeVc4.swift */,
			);
			name = Controllers;
			sourceTree = "<group>";
		};
		18514C271C522578009A97E4 /* Views */ = {
			isa = PBXGroup;
			children = (
				18514C281C5225B9009A97E4 /* AFTabBar.swift */,
			);
			name = Views;
			sourceTree = "<group>";
		};
/* End PBXGroup section */

/* Begin PBXNativeTarget section */
		18514BFE1C520C98009A97E4 /* DataCenter */ = {
			isa = PBXNativeTarget;
			buildConfigurationList = 18514C111C520C98009A97E4 /* Build configuration list for PBXNativeTarget "DataCenter" */;
			buildPhases = (
				18514BFB1C520C98009A97E4 /* Sources */,
				18514BFC1C520C98009A97E4 /* Frameworks */,
				18514BFD1C520C98009A97E4 /* Resources */,
			);
			buildRules = (
			);
			dependencies = (
			);
			name = DataCenter;
			productName = DataCenter;
			productReference = 18514BFF1C520C98009A97E4 /* DataCenter.app */;
			productType = "com.apple.product-type.application";
		};
/* End PBXNativeTarget section */

/* Begin PBXProject section */
		18514BF71C520C98009A97E4 /* Project object */ = {
			isa = PBXProject;
			attributes = {
				CLASSPREFIX = AF;
				LastSwiftUpdateCheck = 0720;
				LastUpgradeCheck = 0720;
				ORGANIZATIONNAME = AF;
				TargetAttributes = {
					18514BFE1C520C98009A97E4 = {
						CreatedOnToolsVersion = 7.2;
					};
				};
			};
			buildConfigurationList = 18514BFA1C520C98009A97E4 /* Build configuration list for PBXProject "DataCenter" */;
			compatibilityVersion = "Xcode 3.2";
			developmentRegion = English;
			hasScannedForEncodings = 0;
			knownRegions = (
				en,
				Base,
			);
			mainGroup = 18514BF61C520C98009A97E4;
			productRefGroup = 18514C001C520C98009A97E4 /* Products */;
			projectDirPath = "";
			projectRoot = "";
			targets = (
				18514BFE1C520C98009A97E4 /* DataCenter */,
			);
		};
/* End PBXProject section */

/* Begin PBXResourcesBuildPhase section */
		18514BFD1C520C98009A97E4 /* Resources */ = {
			isa = PBXResourcesBuildPhase;
			buildActionMask = 2147483647;
			files = (
				18514C151C520FD4009A97E4 /* LaunchScreen.storyboard in Resources */,
				18514C0A1C520C98009A97E4 /* Assets.xcassets in Resources */,
			);
			runOnlyForDeploymentPostprocessing = 0;
		};
/* End PBXResourcesBuildPhase section */

/* Begin PBXSourcesBuildPhase section */
		18514BFB1C520C98009A97E4 /* Sources */ = {
			isa = PBXSourcesBuildPhase;
			buildActionMask = 2147483647;
			files = (
				18514C241C52236E009A97E4 /* AFHomeVc3.swift in Sources */,
				18514C221C522363009A97E4 /* AFHomeVc2.swift in Sources */,
				18514C261C52237A009A97E4 /* AFHomeVc4.swift in Sources */,
				18514C051C520C98009A97E4 /* AFLoginVc.swift in Sources */,
				18514C291C5225B9009A97E4 /* AFTabBar.swift in Sources */,
				18514C1D1C521C3F009A97E4 /* AFHomeVc1.swift in Sources */,
				18514C1F1C521C64009A97E4 /* AFTabBarController.swift in Sources */,
				18514C031C520C98009A97E4 /* AppDelegate.swift in Sources */,
			);
			runOnlyForDeploymentPostprocessing = 0;
		};
/* End PBXSourcesBuildPhase section */

/* Begin XCBuildConfiguration section */
		18514C0F1C520C98009A97E4 /* Debug */ = {
			isa = XCBuildConfiguration;
			buildSettings = {
				ALWAYS_SEARCH_USER_PATHS = NO;
				CLANG_CXX_LANGUAGE_STANDARD = "gnu++0x";
				CLANG_CXX_LIBRARY = "libc++";
				CLANG_ENABLE_MODULES = YES;
				CLANG_ENABLE_OBJC_ARC = YES;
				CLANG_WARN_BOOL_CONVERSION = YES;
				CLANG_WARN_CONSTANT_CONVERSION = YES;
				CLANG_WARN_DIRECT_OBJC_ISA_USAGE = YES_ERROR;
				CLANG_WARN_EMPTY_BODY = YES;
				CLANG_WARN_ENUM_CONVERSION = YES;
				CLANG_WARN_INT_CONVERSION = YES;
				CLANG_WARN_OBJC_ROOT_CLASS = YES_ERROR;
				CLANG_WARN_UNREACHABLE_CODE = YES;
				CLANG_WARN__DUPLICATE_METHOD_MATCH = YES;
				"CODE_SIGN_IDENTITY[sdk=iphoneos*]" = "iPhone Developer";
				COPY_PHASE_STRIP = NO;
				DEBUG_INFORMATION_FORMAT = dwarf;
				ENABLE_STRICT_OBJC_MSGSEND = YES;
				ENABLE_TESTABILITY = YES;
				GCC_C_LANGUAGE_STANDARD = gnu99;
				GCC_DYNAMIC_NO_PIC = NO;
				GCC_NO_COMMON_BLOCKS = YES;
				GCC_OPTIMIZATION_LEVEL = 0;
				GCC_PREPROCESSOR_DEFINITIONS = (
					"DEBUG=1",
					"$(inherited)",
				);
				GCC_WARN_64_TO_32_BIT_CONVERSION = YES;
				GCC_WARN_ABOUT_RETURN_TYPE = YES_ERROR;
				GCC_WARN_UNDECLARED_SELECTOR = YES;
				GCC_WARN_UNINITIALIZED_AUTOS = YES_AGGRESSIVE;
				GCC_WARN_UNUSED_FUNCTION = YES;
				GCC_WARN_UNUSED_VARIABLE = YES;
				IPHONEOS_DEPLOYMENT_TARGET = 9.2;
				MTL_ENABLE_DEBUG_INFO = YES;
				ONLY_ACTIVE_ARCH = YES;
				SDKROOT = iphoneos;
				SWIFT_OPTIMIZATION_LEVEL = "-Onone";
			};
			name = Debug;
		};
		18514C101C520C98009A97E4 /* Release */ = {
			isa = XCBuildConfiguration;
			buildSettings = {
				ALWAYS_SEARCH_USER_PATHS = NO;
				CLANG_CXX_LANGUAGE_STANDARD = "gnu++0x";
				CLANG_CXX_LIBRARY = "libc++";
				CLANG_ENABLE_MODULES = YES;
				CLANG_ENABLE_OBJC_ARC = YES;
				CLANG_WARN_BOOL_CONVERSION = YES;
				CLANG_WARN_CONSTANT_CONVERSION = YES;
				CLANG_WARN_DIRECT_OBJC_ISA_USAGE = YES_ERROR;
				CLANG_WARN_EMPTY_BODY = YES;
				CLANG_WARN_ENUM_CONVERSION = YES;
				CLANG_WARN_INT_CONVERSION = YES;
				CLANG_WARN_OBJC_ROOT_CLASS = YES_ERROR;
				CLANG_WARN_UNREACHABLE_CODE = YES;
				CLANG_WARN__DUPLICATE_METHOD_MATCH = YES;
				"CODE_SIGN_IDENTITY[sdk=iphoneos*]" = "iPhone Developer";
				COPY_PHASE_STRIP = NO;
				DEBUG_INFORMATION_FORMAT = "dwarf-with-dsym";
				ENABLE_NS_ASSERTIONS = NO;
				ENABLE_STRICT_OBJC_MSGSEND = YES;
				GCC_C_LANGUAGE_STANDARD = gnu99;
				GCC_NO_COMMON_BLOCKS = YES;
				GCC_WARN_64_TO_32_BIT_CONVERSION = YES;
				GCC_WARN_ABOUT_RETURN_TYPE = YES_ERROR;
				GCC_WARN_UNDECLARED_SELECTOR = YES;
				GCC_WARN_UNINITIALIZED_AUTOS = YES_AGGRESSIVE;
				GCC_WARN_UNUSED_FUNCTION = YES;
				GCC_WARN_UNUSED_VARIABLE = YES;
				IPHONEOS_DEPLOYMENT_TARGET = 9.2;
				MTL_ENABLE_DEBUG_INFO = NO;
				SDKROOT = iphoneos;
				VALIDATE_PRODUCT = YES;
			};
			name = Release;
		};
		18514C121C520C98009A97E4 /* Debug */ = {
			isa = XCBuildConfiguration;
			buildSettings = {
				ASSETCATALOG_COMPILER_APPICON_NAME = AppIcon;
				INFOPLIST_FILE = DataCenter/Info.plist;
				LD_RUNPATH_SEARCH_PATHS = "$(inherited) @executable_path/Frameworks";
				PRODUCT_BUNDLE_IDENTIFIER = cn.aofeng.DataCenter;
				PRODUCT_NAME = "$(TARGET_NAME)";
			};
			name = Debug;
		};
		18514C131C520C98009A97E4 /* Release */ = {
			isa = XCBuildConfiguration;
			buildSettings = {
				ASSETCATALOG_COMPILER_APPICON_NAME = AppIcon;
				INFOPLIST_FILE = DataCenter/Info.plist;
				LD_RUNPATH_SEARCH_PATHS = "$(inherited) @executable_path/Frameworks";
				PRODUCT_BUNDLE_IDENTIFIER = cn.aofeng.DataCenter;
				PRODUCT_NAME = "$(TARGET_NAME)";
			};
			name = Release;
		};
/* End XCBuildConfiguration section */

/* Begin XCConfigurationList section */
		18514BFA1C520C98009A97E4 /* Build configuration list for PBXProject "DataCenter" */ = {
			isa = XCConfigurationList;
			buildConfigurations = (
				18514C0F1C520C98009A97E4 /* Debug */,
				18514C101C520C98009A97E4 /* Release */,
			);
			defaultConfigurationIsVisible = 0;
			defaultConfigurationName = Release;
		};
		18514C111C520C98009A97E4 /* Build configuration list for PBXNativeTarget "DataCenter" */ = {
			isa = XCConfigurationList;
			buildConfigurations = (
				18514C121C520C98009A97E4 /* Debug */,
				18514C131C520C98009A97E4 /* Release */,
			);
			defaultConfigurationIsVisible = 0;
		};
/* End XCConfigurationList section */
	};
	rootObject = 18514BF71C520C98009A97E4 /* Project object */;
}
